
Microsoft Visual Studio Solution File, Format Version 12.00
# Visual Studio Version 17
VisualStudioVersion = 17.2.32630.192
MinimumVisualStudioVersion = 10.0.40219.1
Project("{FAE04EC0-301F-11D3-BF4B-00C04F79EFBC}") = "kafka_consumer", "kafka_consumer.csproj", "{517637E6-7A62-4080-BBB5-A900192EB9B1}"
EndProject
Global
	GlobalSection(SolutionConfigurationPlatforms) = preSolution
		Debug|Any CPU = Debug|Any CPU
		Release|Any CPU = Release|Any CPU
	EndGlobalSection
	GlobalSection(ProjectConfigurationPlatforms) = postSolution
		{517637E6-7A62-4080-BBB5-A900192EB9B1}.Debug|Any CPU.ActiveCfg = Debug|Any CPU
		{517637E6-7A62-4080-BBB5-A900192EB9B1}.Debug|Any CPU.Build.0 = Debug|Any CPU
		{517637E6-7A62-4080-BBB5-A900192EB9B1}.Release|Any CPU.ActiveCfg = Release|Any CPU
		{517637E6-7A62-4080-BBB5-A900192EB9B1}.Release|Any CPU.Build.0 = Release|Any CPU
	EndGlobalSection
	GlobalSection(SolutionProperties) = preSolution
		HideSolutionNode = FALSE
	EndGlobalSection
	GlobalSection(ExtensibilityGlobals) = postSolution
		SolutionGuid = {01B271B0-CBC4-4F95-9255-123101EA0C82}
	EndGlobalSection
EndGlobal
